// !$*UTF8*$!
{
	archiveVersion = 1;
	classes = {
	};
	objectVersion = 46;
	objects = {

/* Begin PBXBuildFile section */
		62107F981CECFC5D00278CB9 /* AppDelegate.swift in Sources */ = {isa = PBXBuildFile; fileRef = 62107F971CECFC5D00278CB9 /* AppDelegate.swift */; };
		62107F9F1CECFC5D00278CB9 /* Assets.xcassets in Resources */ = {isa = PBXBuildFile; fileRef = 62107F9E1CECFC5D00278CB9 /* Assets.xcassets */; };
		62107FA21CECFC5D00278CB9 /* LaunchScreen.storyboard in Resources */ = {isa = PBXBuildFile; fileRef = 62107FA01CECFC5D00278CB9 /* LaunchScreen.storyboard */; };
		621299161CF139E900236CF8 /* MapKit.framework in Frameworks */ = {isa = PBXBuildFile; fileRef = 621299151CF139E900236CF8 /* MapKit.framework */; };
		62765C501CFCBFAD00DAFA84 /* Localizable.strings in Resources */ = {isa = PBXBuildFile; fileRef = 62765C521CFCBFAD00DAFA84 /* Localizable.strings */; };
		628EF0F41CFCABFE001C4698 /* Main.storyboard in Resources */ = {isa = PBXBuildFile; fileRef = 628EF0F21CFCABFE001C4698 /* Main.storyboard */; };
		62BC92051CF2209600905FB7 /* MaoViewController.swift in Sources */ = {isa = PBXBuildFile; fileRef = 62BC92041CF2209600905FB7 /* MaoViewController.swift */; };
		62BC92071CF2801D00905FB7 /* BaseTabBarController.swift in Sources */ = {isa = PBXBuildFile; fileRef = 62BC92061CF2801D00905FB7 /* BaseTabBarController.swift */; };
		62D827361CEE500000A07DE7 /* ConversionViewController.swift in Sources */ = {isa = PBXBuildFile; fileRef = 62D827351CEE500000A07DE7 /* ConversionViewController.swift */; };
		62DFC33B1CF8CDAE00796A1E /* WebsiteViewController.swift in Sources */ = {isa = PBXBuildFile; fileRef = 62DFC33A1CF8CDAE00796A1E /* WebsiteViewController.swift */; };
/* End PBXBuildFile section */

/* Begin PBXFileReference section */
		62107F941CECFC5D00278CB9 /* WorldTrotter.app */ = {isa = PBXFileReference; explicitFileType = wrapper.application; includeInIndex = 0; path = WorldTrotter.app; sourceTree = BUILT_PRODUCTS_DIR; };
		62107F971CECFC5D00278CB9 /* AppDelegate.swift */ = {isa = PBXFileReference; lastKnownFileType = sourcecode.swift; path = AppDelegate.swift; sourceTree = "<group>"; };
		62107F9E1CECFC5D00278CB9 /* Assets.xcassets */ = {isa = PBXFileReference; lastKnownFileType = folder.assetcatalog; path = Assets.xcassets; sourceTree = "<group>"; };
		62107FA11CECFC5D00278CB9 /* Base */ = {isa = PBXFileReference; lastKnownFileType = file.storyboard; name = Base; path = Base.lproj/LaunchScreen.storyboard; sourceTree = "<group>"; };
		62107FA31CECFC5D00278CB9 /* Info.plist */ = {isa = PBXFileReference; lastKnownFileType = text.plist.xml; path = Info.plist; sourceTree = "<group>"; };
		621299151CF139E900236CF8 /* MapKit.framework */ = {isa = PBXFileReference; lastKnownFileType = wrapper.framework; name = MapKit.framework; path = System/Library/Frameworks/MapKit.framework; sourceTree = SDKROOT; };
		62765C511CFCBFAD00DAFA84 /* Base */ = {isa = PBXFileReference; lastKnownFileType = text.plist.strings; name = Base; path = Base.lproj/Localizable.strings; sourceTree = "<group>"; };
		62765C531CFCBFB300DAFA84 /* en */ = {isa = PBXFileReference; lastKnownFileType = text.plist.strings; name = en; path = en.lproj/Localizable.strings; sourceTree = "<group>"; };
		62765C541CFCBFB400DAFA84 /* es */ = {isa = PBXFileReference; lastKnownFileType = text.plist.strings; name = es; path = es.lproj/Localizable.strings; sourceTree = "<group>"; };
		628EF0F51CFCAC1A001C4698 /* Base */ = {isa = PBXFileReference; lastKnownFileType = file.storyboard; name = Base; path = Base.lproj/Main.storyboard; sourceTree = "<group>"; };
		628EF0F61CFCB040001C4698 /* en */ = {isa = PBXFileReference; lastKnownFileType = text.plist.strings; name = en; path = en.lproj/Main.strings; sourceTree = "<group>"; };
		628EF0F71CFCB0AD001C4698 /* es */ = {isa = PBXFileReference; lastKnownFileType = text.plist.strings; name = es; path = es.lproj/Main.strings; sourceTree = "<group>"; };
		62BC92041CF2209600905FB7 /* MaoViewController.swift */ = {isa = PBXFileReference; fileEncoding = 4; lastKnownFileType = sourcecode.swift; path = MaoViewController.swift; sourceTree = "<group>"; };
		62BC92061CF2801D00905FB7 /* BaseTabBarController.swift */ = {isa = PBXFileReference; fileEncoding = 4; lastKnownFileType = sourcecode.swift; path = BaseTabBarController.swift; sourceTree = "<group>"; };
		62D827351CEE500000A07DE7 /* ConversionViewController.swift */ = {isa = PBXFileReference; fileEncoding = 4; lastKnownFileType = sourcecode.swift; path = ConversionViewController.swift; sourceTree = "<group>"; };
		62DFC33A1CF8CDAE00796A1E /* WebsiteViewController.swift */ = {isa = PBXFileReference; fileEncoding = 4; lastKnownFileType = sourcecode.swift; name = WebsiteViewController.swift; path = ../WebsiteViewController.swift; sourceTree = "<group>"; };
/* End PBXFileReference section */

/* Begin PBXFrameworksBuildPhase section */
		62107F911CECFC5D00278CB9 /* Frameworks */ = {
			isa = PBXFrameworksBuildPhase;
			buildActionMask = 2147483647;
			files = (
				621299161CF139E900236CF8 /* MapKit.framework in Frameworks */,
			);
			runOnlyForDeploymentPostprocessing = 0;
		};
/* End PBXFrameworksBuildPhase section */

/* Begin PBXGroup section */
		62107F8B1CECFC5D00278CB9 = {
			isa = PBXGroup;
			children = (
				621299151CF139E900236CF8 /* MapKit.framework */,
				62107F961CECFC5D00278CB9 /* WorldTrotter */,
				62107F951CECFC5D00278CB9 /* Products */,
			);
			sourceTree = "<group>";
		};
		62107F951CECFC5D00278CB9 /* Products */ = {
			isa = PBXGroup;
			children = (
				62107F941CECFC5D00278CB9 /* WorldTrotter.app */,
			);
			name = Products;
			sourceTree = "<group>";
		};
		62107F961CECFC5D00278CB9 /* WorldTrotter */ = {
			isa = PBXGroup;
			children = (
				62DFC33A1CF8CDAE00796A1E /* WebsiteViewController.swift */,
				62D827351CEE500000A07DE7 /* ConversionViewController.swift */,
				62BC92061CF2801D00905FB7 /* BaseTabBarController.swift */,
				62BC92041CF2209600905FB7 /* MaoViewController.swift */,
				62765C521CFCBFAD00DAFA84 /* Localizable.strings */,
				62107F971CECFC5D00278CB9 /* AppDelegate.swift */,
				628EF0F21CFCABFE001C4698 /* Main.storyboard */,
				62107F9E1CECFC5D00278CB9 /* Assets.xcassets */,
				62107FA01CECFC5D00278CB9 /* LaunchScreen.storyboard */,
				62107FA31CECFC5D00278CB9 /* Info.plist */,
			);
			path = WorldTrotter;
			sourceTree = "<group>";
		};
/* End PBXGroup section */

/* Begin PBXNativeTarget section */
		62107F931CECFC5D00278CB9 /* WorldTrotter */ = {
			isa = PBXNativeTarget;
			buildConfigurationList = 62107FA61CECFC5D00278CB9 /* Build configuration list for PBXNativeTarget "WorldTrotter" */;
			buildPhases = (
				62107F901CECFC5D00278CB9 /* Sources */,
				62107F911CECFC5D00278CB9 /* Frameworks */,
				62107F921CECFC5D00278CB9 /* Resources */,
			);
			buildRules = (
			);
			dependencies = (
			);
			name = WorldTrotter;
			productName = WorldTrotter;
			productReference = 62107F941CECFC5D00278CB9 /* WorldTrotter.app */;
			productType = "com.apple.product-type.application";
		};
/* End PBXNativeTarget section */

/* Begin PBXProject section */
		62107F8C1CECFC5D00278CB9 /* Project object */ = {
			isa = PBXProject;
			attributes = {
				LastSwiftUpdateCheck = 0730;
				LastUpgradeCheck = 0730;
				ORGANIZATIONNAME = "Arian Moslem";
				TargetAttributes = {
					62107F931CECFC5D00278CB9 = {
						CreatedOnToolsVersion = 7.3.1;
					};
				};
			};
			buildConfigurationList = 62107F8F1CECFC5D00278CB9 /* Build configuration list for PBXProject "WorldTrotter" */;
			compatibilityVersion = "Xcode 3.2";
			developmentRegion = English;
			hasScannedForEncodings = 0;
			knownRegions = (
				en,
				Base,
				es,
			);
			mainGroup = 62107F8B1CECFC5D00278CB9;
			productRefGroup = 62107F951CECFC5D00278CB9 /* Products */;
			projectDirPath = "";
			projectRoot = "";
			targets = (
				62107F931CECFC5D00278CB9 /* WorldTrotter */,
			);
		};
/* End PBXProject section */

/* Begin PBXResourcesBuildPhase section */
		62107F921CECFC5D00278CB9 /* Resources */ = {
			isa = PBXResourcesBuildPhase;
			buildActionMask = 2147483647;
			files = (
				628EF0F41CFCABFE001C4698 /* Main.storyboard in Resources */,
				62765C501CFCBFAD00DAFA84 /* Localizable.strings in Resources */,
				62107FA21CECFC5D00278CB9 /* LaunchScreen.storyboard in Resources */,
				62107F9F1CECFC5D00278CB9 /* Assets.xcassets in Resources */,
			);
			runOnlyForDeploymentPostprocessing = 0;
		};
/* End PBXResourcesBuildPhase section */

/* Begin PBXSourcesBuildPhase section */
		62107F901CECFC5D00278CB9 /* Sources */ = {
			isa = PBXSourcesBuildPhase;
			buildActionMask = 2147483647;
			files = (
				62DFC33B1CF8CDAE00796A1E /* WebsiteViewController.swift in Sources */,
				62BC92071CF2801D00905FB7 /* BaseTabBarController.swift in Sources */,
				62D827361CEE500000A07DE7 /* ConversionViewController.swift in Sources */,
				62107F981CECFC5D00278CB9 /* AppDelegate.swift in Sources */,
				62BC92051CF2209600905FB7 /* MaoViewController.swift in Sources */,
			);
			runOnlyForDeploymentPostprocessing = 0;
		};
/* End PBXSourcesBuildPhase section */

/* Begin PBXVariantGroup section */
		62107FA01CECFC5D00278CB9 /* LaunchScreen.storyboard */ = {
			isa = PBXVariantGroup;
			children = (
				62107FA11CECFC5D00278CB9 /* Base */,
			);
			name = LaunchScreen.storyboard;
			sourceTree = "<group>";
		};
		62765C521CFCBFAD00DAFA84 /* Localizable.strings */ = {
			isa = PBXVariantGroup;
			children = (
				62765C511CFCBFAD00DAFA84 /* Base */,
				62765C531CFCBFB300DAFA84 /* en */,
				62765C541CFCBFB400DAFA84 /* es */,
			);
			name = Localizable.strings;
			sourceTree = "<group>";
		};
		628EF0F21CFCABFE001C4698 /* Main.storyboard */ = {
			isa = PBXVariantGroup;
			children = (
				628EF0F51CFCAC1A001C4698 /* Base */,
				628EF0F61CFCB040001C4698 /* en */,
				628EF0F71CFCB0AD001C4698 /* es */,
			);
			name = Main.storyboard;
			sourceTree = "<group>";
		};
/* End PBXVariantGroup section */

/* Begin XCBuildConfiguration section */
		62107FA41CECFC5D00278CB9 /* Debug */ = {
			isa = XCBuildConfiguration;
			buildSettings = {
				ALWAYS_SEARCH_USER_PATHS = NO;
				CLANG_ANALYZER_NONNULL = YES;
				CLANG_CXX_LANGUAGE_STANDARD = "gnu++0x";
				CLANG_CXX_LIBRARY = "libc++";
				CLANG_ENABLE_MODULES = YES;
				CLANG_ENABLE_OBJC_ARC = YES;
				CLANG_WARN_BOOL_CONVERSION = YES;
				CLANG_WARN_CONSTANT_CONVERSION = YES;
				CLANG_WARN_DIRECT_OBJC_ISA_USAGE = YES_ERROR;
				CLANG_WARN_EMPTY_BODY = YES;
				CLANG_WARN_ENUM_CONVERSION = YES;
				CLANG_WARN_INT_CONVERSION = YES;
				CLANG_WARN_OBJC_ROOT_CLASS = YES_ERROR;
				CLANG_WARN_UNREACHABLE_CODE = YES;
				CLANG_WARN__DUPLICATE_METHOD_MATCH = YES;
				"CODE_SIGN_IDENTITY[sdk=iphoneos*]" = "iPhone Developer";
				COPY_PHASE_STRIP = NO;
				DEBUG_INFORMATION_FORMAT = dwarf;
				ENABLE_STRICT_OBJC_MSGSEND = YES;
				ENABLE_TESTABILITY = YES;
				GCC_C_LANGUAGE_STANDARD = gnu99;
				GCC_DYNAMIC_NO_PIC = NO;
				GCC_NO_COMMON_BLOCKS = YES;
				GCC_OPTIMIZATION_LEVEL = 0;
				GCC_PREPROCESSOR_DEFINITIONS = (
					"DEBUG=1",
					"$(inherited)",
				);
				GCC_WARN_64_TO_32_BIT_CONVERSION = YES;
				GCC_WARN_ABOUT_RETURN_TYPE = YES_ERROR;
				GCC_WARN_UNDECLARED_SELECTOR = YES;
				GCC_WARN_UNINITIALIZED_AUTOS = YES_AGGRESSIVE;
				GCC_WARN_UNUSED_FUNCTION = YES;
				GCC_WARN_UNUSED_VARIABLE = YES;
				IPHONEOS_DEPLOYMENT_TARGET = 9.3;
				MTL_ENABLE_DEBUG_INFO = YES;
				ONLY_ACTIVE_ARCH = YES;
				SDKROOT = iphoneos;
				SWIFT_OPTIMIZATION_LEVEL = "-Onone";
			};
			name = Debug;
		};
		62107FA51CECFC5D00278CB9 /* Release */ = {
			isa = XCBuildConfiguration;
			buildSettings = {
				ALWAYS_SEARCH_USER_PATHS = NO;
				CLANG_ANALYZER_NONNULL = YES;
				CLANG_CXX_LANGUAGE_STANDARD = "gnu++0x";
				CLANG_CXX_LIBRARY = "libc++";
				CLANG_ENABLE_MODULES = YES;
				CLANG_ENABLE_OBJC_ARC = YES;
				CLANG_WARN_BOOL_CONVERSION = YES;
				CLANG_WARN_CONSTANT_CONVERSION = YES;
				CLANG_WARN_DIRECT_OBJC_ISA_USAGE = YES_ERROR;
				CLANG_WARN_EMPTY_BODY = YES;
				CLANG_WARN_ENUM_CONVERSION = YES;
				CLANG_WARN_INT_CONVERSION = YES;
				CLANG_WARN_OBJC_ROOT_CLASS = YES_ERROR;
				CLANG_WARN_UNREACHABLE_CODE = YES;
				CLANG_WARN__DUPLICATE_METHOD_MATCH = YES;
				"CODE_SIGN_IDENTITY[sdk=iphoneos*]" = "iPhone Developer";
				COPY_PHASE_STRIP = NO;
				DEBUG_INFORMATION_FORMAT = "dwarf-with-dsym";
				ENABLE_NS_ASSERTIONS = NO;
				ENABLE_STRICT_OBJC_MSGSEND = YES;
				GCC_C_LANGUAGE_STANDARD = gnu99;
				GCC_NO_COMMON_BLOCKS = YES;
				GCC_WARN_64_TO_32_BIT_CONVERSION = YES;
				GCC_WARN_ABOUT_RETURN_TYPE = YES_ERROR;
				GCC_WARN_UNDECLARED_SELECTOR = YES;
				GCC_WARN_UNINITIALIZED_AUTOS = YES_AGGRESSIVE;
				GCC_WARN_UNUSED_FUNCTION = YES;
				GCC_WARN_UNUSED_VARIABLE = YES;
				IPHONEOS_DEPLOYMENT_TARGET = 9.3;
				MTL_ENABLE_DEBUG_INFO = NO;
				SDKROOT = iphoneos;
				VALIDATE_PRODUCT = YES;
			};
			name = Release;
		};
		62107FA71CECFC5D00278CB9 /* Debug */ = {
			isa = XCBuildConfiguration;
			buildSettings = {
				ASSETCATALOG_COMPILER_APPICON_NAME = AppIcon;
				INFOPLIST_FILE = WorldTrotter/Info.plist;
				LD_RUNPATH_SEARCH_PATHS = "$(inherited) @executable_path/Frameworks";
				PRODUCT_BUNDLE_IDENTIFIER = com.Arian.WorldTrotter;
				PRODUCT_NAME = "$(TARGET_NAME)";
			};
			name = Debug;
		};
		62107FA81CECFC5D00278CB9 /* Release */ = {
			isa = XCBuildConfiguration;
			buildSettings = {
				ASSETCATALOG_COMPILER_APPICON_NAME = AppIcon;
				INFOPLIST_FILE = WorldTrotter/Info.plist;
				LD_RUNPATH_SEARCH_PATHS = "$(inherited) @executable_path/Frameworks";
				PRODUCT_BUNDLE_IDENTIFIER = com.Arian.WorldTrotter;
				PRODUCT_NAME = "$(TARGET_NAME)";
			};
			name = Release;
		};
/* End XCBuildConfiguration section */

/* Begin XCConfigurationList section */
		62107F8F1CECFC5D00278CB9 /* Build configuration list for PBXProject "WorldTrotter" */ = {
			isa = XCConfigurationList;
			buildConfigurations = (
				62107FA41CECFC5D00278CB9 /* Debug */,
				62107FA51CECFC5D00278CB9 /* Release */,
			);
			defaultConfigurationIsVisible = 0;
			defaultConfigurationName = Release;
		};
		62107FA61CECFC5D00278CB9 /* Build configuration list for PBXNativeTarget "WorldTrotter" */ = {
			isa = XCConfigurationList;
			buildConfigurations = (
				62107FA71CECFC5D00278CB9 /* Debug */,
				62107FA81CECFC5D00278CB9 /* Release */,
			);
			defaultConfigurationIsVisible = 0;
			defaultConfigurationName = Release;
		};
/* End XCConfigurationList section */
	};
	rootObject = 62107F8C1CECFC5D00278CB9 /* Project object */;
}
